
Microsoft Visual Studio Solution File, Format Version 12.00
# Visual Studio 15
VisualStudioVersion = 15.0.27130.2036
MinimumVisualStudioVersion = 10.0.40219.1
Project("{FAE04EC0-301F-11D3-BF4B-00C04F79EFBC}") = "ConsoleApp4", "ConsoleApp4\ConsoleApp4.csproj", "{F785220F-66BB-4996-81B7-0CAE662D40E9}"
EndProject
Global
	GlobalSection(SolutionConfigurationPlatforms) = preSolution
		Debug|Any CPU = Debug|Any CPU
		Release|Any CPU = Release|Any CPU
	EndGlobalSection
	GlobalSection(ProjectConfigurationPlatforms) = postSolution
		{F785220F-66BB-4996-81B7-0CAE662D40E9}.Debug|Any CPU.ActiveCfg = Debug|Any CPU
		{F785220F-66BB-4996-81B7-0CAE662D40E9}.Debug|Any CPU.Build.0 = Debug|Any CPU
		{F785220F-66BB-4996-81B7-0CAE662D40E9}.Release|Any CPU.ActiveCfg = Release|Any CPU
		{F785220F-66BB-4996-81B7-0CAE662D40E9}.Release|Any CPU.Build.0 = Release|Any CPU
	EndGlobalSection
	GlobalSection(SolutionProperties) = preSolution
		HideSolutionNode = FALSE
	EndGlobalSection
	GlobalSection(ExtensibilityGlobals) = postSolution
		SolutionGuid = {90E87F4B-2A94-4EC2-858B-F81B6BCD31AC}
	EndGlobalSection
EndGlobal
